# Prisma Migrate lockfile v1

20200829102722-just-user
20200829122730-add-product
20200829123716-private-products
20200831054013-add-displayname
20200831083959-drop-private
20200831110409-add-transactions
20200831111001-caps-sanity
20200831111226-caps-sanity-2
20200831121103-add-tags
20200831121356-caps-sanity-3
20200831122044-tag-connections
20200831122826-tag-deconnection
20200901050028-email-prefs
20200901084937-amount-to-product
20200901101952-add-reviews
20200901102238-add-updatedat
20200901105703-add-message-to-review
20200901142525-to-uuid
20200901190548-add-image
20200902145523-multiple-products-in-transaction
20200902164521-transaction-licenses
20200902165125-secure-licenses
20200903055818-paypal-id-on-transaction
20200903075710-rename-paypal-id
20200903082428-appprove-transactions
20200903232221-rename-paypal-id-to-payment
20200904192705-unique-license-key
20200904225505-isarchived-and-file
20200904232022-unique-productid-on-uploads
20200904232257-remove-unique-product-to-upload
20200905010416-file-add-name
20200905034115-license-key-shown-n-times
20200905150229-optional-file
20200905150721-different-file-relation
20200905150845-caps-sanity-3
20200907180857-avatar-url
20200921203057-added-onsale
20200922005538-add-ssaleprice
20200924235230-ad-tokens
20200926033213-add-balance-to-user
20200926202121-add-promo-code
20200926202341-expires-at
20200926214916-affects-all
20200926222433-percent-off-on-code
20200926223337-add-user-to-promo
20200926231834-optional-product-on-code
20200926235352-percent-off-required
20200928005301-added-email-verification-token
20200928005750-better-email-verification-token
20200928023037-added-reset-password-token
20200928023541-non-opt-passwordreset
20200928190640-withdraw-model
20200928200453-save-paypal-email
20200928205006-add-admin
20201004221755-add-accounttype
20201005234912-add-platform-payment
20201005235339-generic-payouts
20201005235515-default-forplatform-payout
20201008011641-isverified-on-user
20201008035453-add-favorites
20201008035601-fixed-favorites
20201008041823-added-reports
20201008082739-added-discord-id
20201008194516-ads
20201008204431-expires-at-instead-of-days
20201009125231-onetimecode
20201009134034-fixed-otc